// !$*UTF8*$!
{
	archiveVersion = 1;
	classes = {
	};
	objectVersion = 56;
	objects = {

/* Begin PBXBuildFile section */
		433BD5942AA96AD50039E431 /* MEApp.swift in Sources */ = {isa = PBXBuildFile; fileRef = 433BD5932AA96AD50039E431 /* MEApp.swift */; };
		433BD5962AA96AD50039E431 /* ContentView.swift in Sources */ = {isa = PBXBuildFile; fileRef = 433BD5952AA96AD50039E431 /* ContentView.swift */; };
		433BD5982AA96AD60039E431 /* Assets.xcassets in Resources */ = {isa = PBXBuildFile; fileRef = 433BD5972AA96AD60039E431 /* Assets.xcassets */; };
		433BD59B2AA96AD60039E431 /* Preview Assets.xcassets in Resources */ = {isa = PBXBuildFile; fileRef = 433BD59A2AA96AD60039E431 /* Preview Assets.xcassets */; };
		433BD5A42AA96B780039E431 /* CategoryView.swift in Sources */ = {isa = PBXBuildFile; fileRef = 433BD5A32AA96B780039E431 /* CategoryView.swift */; };
		433BD5A92AA97CD20039E431 /* ProgressView.swift in Sources */ = {isa = PBXBuildFile; fileRef = 433BD5A82AA97CD20039E431 /* ProgressView.swift */; };
		433BD5AB2AAFEE580039E431 /* Category.swift in Sources */ = {isa = PBXBuildFile; fileRef = 433BD5AA2AAFEE580039E431 /* Category.swift */; };
		433BD5B02AB79BC30039E431 /* CategoryDetailsView.swift in Sources */ = {isa = PBXBuildFile; fileRef = 433BD5AF2AB79BC30039E431 /* CategoryDetailsView.swift */; };
		433BD5B22AB7A3EB0039E431 /* ModelData.swift in Sources */ = {isa = PBXBuildFile; fileRef = 433BD5B12AB7A3EB0039E431 /* ModelData.swift */; };
		433BD5B62AB7A9FF0039E431 /* CategoryItemButton.swift in Sources */ = {isa = PBXBuildFile; fileRef = 433BD5B52AB7A9FF0039E431 /* CategoryItemButton.swift */; };
		433BD5BD2AC2575D0039E431 /* Profile.swift in Sources */ = {isa = PBXBuildFile; fileRef = 433BD5BC2AC2575D0039E431 /* Profile.swift */; };
		433BD5BF2AC260AF0039E431 /* ProfileHost.swift in Sources */ = {isa = PBXBuildFile; fileRef = 433BD5BE2AC260AF0039E431 /* ProfileHost.swift */; };
		433BD5C12AC261500039E431 /* ProfileSummary.swift in Sources */ = {isa = PBXBuildFile; fileRef = 433BD5C02AC261500039E431 /* ProfileSummary.swift */; };
		433BD5C32AC3AD740039E431 /* ProfileEditor.swift in Sources */ = {isa = PBXBuildFile; fileRef = 433BD5C22AC3AD740039E431 /* ProfileEditor.swift */; };
/* End PBXBuildFile section */

/* Begin PBXFileReference section */
		433BD5902AA96AD50039E431 /* ME.app */ = {isa = PBXFileReference; explicitFileType = wrapper.application; includeInIndex = 0; path = ME.app; sourceTree = BUILT_PRODUCTS_DIR; };
		433BD5932AA96AD50039E431 /* MEApp.swift */ = {isa = PBXFileReference; lastKnownFileType = sourcecode.swift; path = MEApp.swift; sourceTree = "<group>"; };
		433BD5952AA96AD50039E431 /* ContentView.swift */ = {isa = PBXFileReference; lastKnownFileType = sourcecode.swift; path = ContentView.swift; sourceTree = "<group>"; };
		433BD5972AA96AD60039E431 /* Assets.xcassets */ = {isa = PBXFileReference; lastKnownFileType = folder.assetcatalog; path = Assets.xcassets; sourceTree = "<group>"; };
		433BD59A2AA96AD60039E431 /* Preview Assets.xcassets */ = {isa = PBXFileReference; lastKnownFileType = folder.assetcatalog; path = "Preview Assets.xcassets"; sourceTree = "<group>"; };
		433BD5A32AA96B780039E431 /* CategoryView.swift */ = {isa = PBXFileReference; lastKnownFileType = sourcecode.swift; path = CategoryView.swift; sourceTree = "<group>"; };
		433BD5A82AA97CD20039E431 /* ProgressView.swift */ = {isa = PBXFileReference; lastKnownFileType = sourcecode.swift; path = ProgressView.swift; sourceTree = "<group>"; };
		433BD5AA2AAFEE580039E431 /* Category.swift */ = {isa = PBXFileReference; lastKnownFileType = sourcecode.swift; path = Category.swift; sourceTree = "<group>"; };
		433BD5AF2AB79BC30039E431 /* CategoryDetailsView.swift */ = {isa = PBXFileReference; lastKnownFileType = sourcecode.swift; path = CategoryDetailsView.swift; sourceTree = "<group>"; };
		433BD5B12AB7A3EB0039E431 /* ModelData.swift */ = {isa = PBXFileReference; lastKnownFileType = sourcecode.swift; path = ModelData.swift; sourceTree = "<group>"; };
		433BD5B52AB7A9FF0039E431 /* CategoryItemButton.swift */ = {isa = PBXFileReference; lastKnownFileType = sourcecode.swift; path = CategoryItemButton.swift; sourceTree = "<group>"; };
		433BD5BC2AC2575D0039E431 /* Profile.swift */ = {isa = PBXFileReference; lastKnownFileType = sourcecode.swift; path = Profile.swift; sourceTree = "<group>"; };
		433BD5BE2AC260AF0039E431 /* ProfileHost.swift */ = {isa = PBXFileReference; lastKnownFileType = sourcecode.swift; path = ProfileHost.swift; sourceTree = "<group>"; };
		433BD5C02AC261500039E431 /* ProfileSummary.swift */ = {isa = PBXFileReference; lastKnownFileType = sourcecode.swift; path = ProfileSummary.swift; sourceTree = "<group>"; };
		433BD5C22AC3AD740039E431 /* ProfileEditor.swift */ = {isa = PBXFileReference; lastKnownFileType = sourcecode.swift; path = ProfileEditor.swift; sourceTree = "<group>"; };
/* End PBXFileReference section */

/* Begin PBXFrameworksBuildPhase section */
		433BD58D2AA96AD50039E431 /* Frameworks */ = {
			isa = PBXFrameworksBuildPhase;
			buildActionMask = 2147483647;
			files = (
			);
			runOnlyForDeploymentPostprocessing = 0;
		};
/* End PBXFrameworksBuildPhase section */

/* Begin PBXGroup section */
		433BD5872AA96AD50039E431 = {
			isa = PBXGroup;
			children = (
				433BD5922AA96AD50039E431 /* ME */,
				433BD5912AA96AD50039E431 /* Products */,
			);
			sourceTree = "<group>";
		};
		433BD5912AA96AD50039E431 /* Products */ = {
			isa = PBXGroup;
			children = (
				433BD5902AA96AD50039E431 /* ME.app */,
			);
			name = Products;
			sourceTree = "<group>";
		};
		433BD5922AA96AD50039E431 /* ME */ = {
			isa = PBXGroup;
			children = (
				433BD5932AA96AD50039E431 /* MEApp.swift */,
				433BD5A52AA96CC80039E431 /* Views */,
				433BD5A72AA96DDE0039E431 /* Models */,
				433BD5972AA96AD60039E431 /* Assets.xcassets */,
				433BD5992AA96AD60039E431 /* Preview Content */,
			);
			path = ME;
			sourceTree = "<group>";
		};
		433BD5992AA96AD60039E431 /* Preview Content */ = {
			isa = PBXGroup;
			children = (
				433BD59A2AA96AD60039E431 /* Preview Assets.xcassets */,
			);
			path = "Preview Content";
			sourceTree = "<group>";
		};
		433BD5A52AA96CC80039E431 /* Views */ = {
			isa = PBXGroup;
			children = (
				433BD5952AA96AD50039E431 /* ContentView.swift */,
				433BD5A62AA96D100039E431 /* Progress */,
				433BD5B72ABF98ED0039E431 /* Profile */,
				433BD5B32AB7A9610039E431 /* Helpers */,
			);
			path = Views;
			sourceTree = "<group>";
		};
		433BD5A62AA96D100039E431 /* Progress */ = {
			isa = PBXGroup;
			children = (
				433BD5A82AA97CD20039E431 /* ProgressView.swift */,
				433BD5A32AA96B780039E431 /* CategoryView.swift */,
				433BD5AF2AB79BC30039E431 /* CategoryDetailsView.swift */,
			);
			path = Progress;
			sourceTree = "<group>";
		};
		433BD5A72AA96DDE0039E431 /* Models */ = {
			isa = PBXGroup;
			children = (
				433BD5AA2AAFEE580039E431 /* Category.swift */,
				433BD5B12AB7A3EB0039E431 /* ModelData.swift */,
				433BD5BC2AC2575D0039E431 /* Profile.swift */,
			);
			path = Models;
			sourceTree = "<group>";
		};
		433BD5B32AB7A9610039E431 /* Helpers */ = {
			isa = PBXGroup;
			children = (
				433BD5B52AB7A9FF0039E431 /* CategoryItemButton.swift */,
			);
			path = Helpers;
			sourceTree = "<group>";
		};
		433BD5B72ABF98ED0039E431 /* Profile */ = {
			isa = PBXGroup;
			children = (
				433BD5BE2AC260AF0039E431 /* ProfileHost.swift */,
				433BD5C02AC261500039E431 /* ProfileSummary.swift */,
				433BD5C22AC3AD740039E431 /* ProfileEditor.swift */,
			);
			path = Profile;
			sourceTree = "<group>";
		};
/* End PBXGroup section */

/* Begin PBXNativeTarget section */
		433BD58F2AA96AD50039E431 /* ME */ = {
			isa = PBXNativeTarget;
			buildConfigurationList = 433BD59E2AA96AD60039E431 /* Build configuration list for PBXNativeTarget "ME" */;
			buildPhases = (
				433BD58C2AA96AD50039E431 /* Sources */,
				433BD58D2AA96AD50039E431 /* Frameworks */,
				433BD58E2AA96AD50039E431 /* Resources */,
			);
			buildRules = (
			);
			dependencies = (
			);
			name = ME;
			productName = ME;
			productReference = 433BD5902AA96AD50039E431 /* ME.app */;
			productType = "com.apple.product-type.application";
		};
/* End PBXNativeTarget section */

/* Begin PBXProject section */
		433BD5882AA96AD50039E431 /* Project object */ = {
			isa = PBXProject;
			attributes = {
				BuildIndependentTargetsInParallel = 1;
				LastSwiftUpdateCheck = 1430;
				LastUpgradeCheck = 1430;
				TargetAttributes = {
					433BD58F2AA96AD50039E431 = {
						CreatedOnToolsVersion = 14.3.1;
					};
				};
			};
			buildConfigurationList = 433BD58B2AA96AD50039E431 /* Build configuration list for PBXProject "ME" */;
			compatibilityVersion = "Xcode 14.0";
			developmentRegion = en;
			hasScannedForEncodings = 0;
			knownRegions = (
				en,
				Base,
			);
			mainGroup = 433BD5872AA96AD50039E431;
			productRefGroup = 433BD5912AA96AD50039E431 /* Products */;
			projectDirPath = "";
			projectRoot = "";
			targets = (
				433BD58F2AA96AD50039E431 /* ME */,
			);
		};
/* End PBXProject section */

/* Begin PBXResourcesBuildPhase section */
		433BD58E2AA96AD50039E431 /* Resources */ = {
			isa = PBXResourcesBuildPhase;
			buildActionMask = 2147483647;
			files = (
				433BD59B2AA96AD60039E431 /* Preview Assets.xcassets in Resources */,
				433BD5982AA96AD60039E431 /* Assets.xcassets in Resources */,
			);
			runOnlyForDeploymentPostprocessing = 0;
		};
/* End PBXResourcesBuildPhase section */

/* Begin PBXSourcesBuildPhase section */
		433BD58C2AA96AD50039E431 /* Sources */ = {
			isa = PBXSourcesBuildPhase;
			buildActionMask = 2147483647;
			files = (
				433BD5962AA96AD50039E431 /* ContentView.swift in Sources */,
				433BD5BD2AC2575D0039E431 /* Profile.swift in Sources */,
				433BD5C32AC3AD740039E431 /* ProfileEditor.swift in Sources */,
				433BD5C12AC261500039E431 /* ProfileSummary.swift in Sources */,
				433BD5AB2AAFEE580039E431 /* Category.swift in Sources */,
				433BD5B02AB79BC30039E431 /* CategoryDetailsView.swift in Sources */,
				433BD5A92AA97CD20039E431 /* ProgressView.swift in Sources */,
				433BD5B62AB7A9FF0039E431 /* CategoryItemButton.swift in Sources */,
				433BD5942AA96AD50039E431 /* MEApp.swift in Sources */,
				433BD5A42AA96B780039E431 /* CategoryView.swift in Sources */,
				433BD5B22AB7A3EB0039E431 /* ModelData.swift in Sources */,
				433BD5BF2AC260AF0039E431 /* ProfileHost.swift in Sources */,
			);
			runOnlyForDeploymentPostprocessing = 0;
		};
/* End PBXSourcesBuildPhase section */

/* Begin XCBuildConfiguration section */
		433BD59C2AA96AD60039E431 /* Debug */ = {
			isa = XCBuildConfiguration;
			buildSettings = {
				ALWAYS_SEARCH_USER_PATHS = NO;
				CLANG_ANALYZER_NONNULL = YES;
				CLANG_ANALYZER_NUMBER_OBJECT_CONVERSION = YES_AGGRESSIVE;
				CLANG_CXX_LANGUAGE_STANDARD = "gnu++20";
				CLANG_ENABLE_MODULES = YES;
				CLANG_ENABLE_OBJC_ARC = YES;
				CLANG_ENABLE_OBJC_WEAK = YES;
				CLANG_WARN_BLOCK_CAPTURE_AUTORELEASING = YES;
				CLANG_WARN_BOOL_CONVERSION = YES;
				CLANG_WARN_COMMA = YES;
				CLANG_WARN_CONSTANT_CONVERSION = YES;
				CLANG_WARN_DEPRECATED_OBJC_IMPLEMENTATIONS = YES;
				CLANG_WARN_DIRECT_OBJC_ISA_USAGE = YES_ERROR;
				CLANG_WARN_DOCUMENTATION_COMMENTS = YES;
				CLANG_WARN_EMPTY_BODY = YES;
				CLANG_WARN_ENUM_CONVERSION = YES;
				CLANG_WARN_INFINITE_RECURSION = YES;
				CLANG_WARN_INT_CONVERSION = YES;
				CLANG_WARN_NON_LITERAL_NULL_CONVERSION = YES;
				CLANG_WARN_OBJC_IMPLICIT_RETAIN_SELF = YES;
				CLANG_WARN_OBJC_LITERAL_CONVERSION = YES;
				CLANG_WARN_OBJC_ROOT_CLASS = YES_ERROR;
				CLANG_WARN_QUOTED_INCLUDE_IN_FRAMEWORK_HEADER = YES;
				CLANG_WARN_RANGE_LOOP_ANALYSIS = YES;
				CLANG_WARN_STRICT_PROTOTYPES = YES;
				CLANG_WARN_SUSPICIOUS_MOVE = YES;
				CLANG_WARN_UNGUARDED_AVAILABILITY = YES_AGGRESSIVE;
				CLANG_WARN_UNREACHABLE_CODE = YES;
				CLANG_WARN__DUPLICATE_METHOD_MATCH = YES;
				COPY_PHASE_STRIP = NO;
				DEBUG_INFORMATION_FORMAT = dwarf;
				ENABLE_STRICT_OBJC_MSGSEND = YES;
				ENABLE_TESTABILITY = YES;
				GCC_C_LANGUAGE_STANDARD = gnu11;
				GCC_DYNAMIC_NO_PIC = NO;
				GCC_NO_COMMON_BLOCKS = YES;
				GCC_OPTIMIZATION_LEVEL = 0;
				GCC_PREPROCESSOR_DEFINITIONS = (
					"DEBUG=1",
					"$(inherited)",
				);
				GCC_WARN_64_TO_32_BIT_CONVERSION = YES;
				GCC_WARN_ABOUT_RETURN_TYPE = YES_ERROR;
				GCC_WARN_UNDECLARED_SELECTOR = YES;
				GCC_WARN_UNINITIALIZED_AUTOS = YES_AGGRESSIVE;
				GCC_WARN_UNUSED_FUNCTION = YES;
				GCC_WARN_UNUSED_VARIABLE = YES;
				IPHONEOS_DEPLOYMENT_TARGET = 16.4;
				MTL_ENABLE_DEBUG_INFO = INCLUDE_SOURCE;
				MTL_FAST_MATH = YES;
				ONLY_ACTIVE_ARCH = YES;
				SDKROOT = iphoneos;
				SWIFT_ACTIVE_COMPILATION_CONDITIONS = DEBUG;
				SWIFT_OPTIMIZATION_LEVEL = "-Onone";
			};
			name = Debug;
		};
		433BD59D2AA96AD60039E431 /* Release */ = {
			isa = XCBuildConfiguration;
			buildSettings = {
				ALWAYS_SEARCH_USER_PATHS = NO;
				CLANG_ANALYZER_NONNULL = YES;
				CLANG_ANALYZER_NUMBER_OBJECT_CONVERSION = YES_AGGRESSIVE;
				CLANG_CXX_LANGUAGE_STANDARD = "gnu++20";
				CLANG_ENABLE_MODULES = YES;
				CLANG_ENABLE_OBJC_ARC = YES;
				CLANG_ENABLE_OBJC_WEAK = YES;
				CLANG_WARN_BLOCK_CAPTURE_AUTORELEASING = YES;
				CLANG_WARN_BOOL_CONVERSION = YES;
				CLANG_WARN_COMMA = YES;
				CLANG_WARN_CONSTANT_CONVERSION = YES;
				CLANG_WARN_DEPRECATED_OBJC_IMPLEMENTATIONS = YES;
				CLANG_WARN_DIRECT_OBJC_ISA_USAGE = YES_ERROR;
				CLANG_WARN_DOCUMENTATION_COMMENTS = YES;
				CLANG_WARN_EMPTY_BODY = YES;
				CLANG_WARN_ENUM_CONVERSION = YES;
				CLANG_WARN_INFINITE_RECURSION = YES;
				CLANG_WARN_INT_CONVERSION = YES;
				CLANG_WARN_NON_LITERAL_NULL_CONVERSION = YES;
				CLANG_WARN_OBJC_IMPLICIT_RETAIN_SELF = YES;
				CLANG_WARN_OBJC_LITERAL_CONVERSION = YES;
				CLANG_WARN_OBJC_ROOT_CLASS = YES_ERROR;
				CLANG_WARN_QUOTED_INCLUDE_IN_FRAMEWORK_HEADER = YES;
				CLANG_WARN_RANGE_LOOP_ANALYSIS = YES;
				CLANG_WARN_STRICT_PROTOTYPES = YES;
				CLANG_WARN_SUSPICIOUS_MOVE = YES;
				CLANG_WARN_UNGUARDED_AVAILABILITY = YES_AGGRESSIVE;
				CLANG_WARN_UNREACHABLE_CODE = YES;
				CLANG_WARN__DUPLICATE_METHOD_MATCH = YES;
				COPY_PHASE_STRIP = NO;
				DEBUG_INFORMATION_FORMAT = "dwarf-with-dsym";
				ENABLE_NS_ASSERTIONS = NO;
				ENABLE_STRICT_OBJC_MSGSEND = YES;
				GCC_C_LANGUAGE_STANDARD = gnu11;
				GCC_NO_COMMON_BLOCKS = YES;
				GCC_WARN_64_TO_32_BIT_CONVERSION = YES;
				GCC_WARN_ABOUT_RETURN_TYPE = YES_ERROR;
				GCC_WARN_UNDECLARED_SELECTOR = YES;
				GCC_WARN_UNINITIALIZED_AUTOS = YES_AGGRESSIVE;
				GCC_WARN_UNUSED_FUNCTION = YES;
				GCC_WARN_UNUSED_VARIABLE = YES;
				IPHONEOS_DEPLOYMENT_TARGET = 16.4;
				MTL_ENABLE_DEBUG_INFO = NO;
				MTL_FAST_MATH = YES;
				SDKROOT = iphoneos;
				SWIFT_COMPILATION_MODE = wholemodule;
				SWIFT_OPTIMIZATION_LEVEL = "-O";
				VALIDATE_PRODUCT = YES;
			};
			name = Release;
		};
		433BD59F2AA96AD60039E431 /* Debug */ = {
			isa = XCBuildConfiguration;
			buildSettings = {
				ASSETCATALOG_COMPILER_APPICON_NAME = AppIcon;
				ASSETCATALOG_COMPILER_GLOBAL_ACCENT_COLOR_NAME = AccentColor;
				CODE_SIGN_STYLE = Automatic;
				CURRENT_PROJECT_VERSION = 1;
				DEVELOPMENT_ASSET_PATHS = "\"ME/Preview Content\"";
				ENABLE_PREVIEWS = YES;
				GENERATE_INFOPLIST_FILE = YES;
				INFOPLIST_KEY_UIApplicationSceneManifest_Generation = YES;
				INFOPLIST_KEY_UIApplicationSupportsIndirectInputEvents = YES;
				INFOPLIST_KEY_UILaunchScreen_Generation = YES;
				INFOPLIST_KEY_UISupportedInterfaceOrientations_iPad = "UIInterfaceOrientationPortrait UIInterfaceOrientationPortraitUpsideDown UIInterfaceOrientationLandscapeLeft UIInterfaceOrientationLandscapeRight";
				INFOPLIST_KEY_UISupportedInterfaceOrientations_iPhone = "UIInterfaceOrientationPortrait UIInterfaceOrientationLandscapeLeft UIInterfaceOrientationLandscapeRight";
				LD_RUNPATH_SEARCH_PATHS = (
					"$(inherited)",
					"@executable_path/Frameworks",
				);
				MARKETING_VERSION = 1.0;
				PRODUCT_BUNDLE_IDENTIFIER = "com.example.apple-samplecode.ME";
				PRODUCT_NAME = "$(TARGET_NAME)";
				SWIFT_EMIT_LOC_STRINGS = YES;
				SWIFT_VERSION = 5.0;
				TARGETED_DEVICE_FAMILY = "1,2";
			};
			name = Debug;
		};
		433BD5A02AA96AD60039E431 /* Release */ = {
			isa = XCBuildConfiguration;
			buildSettings = {
				ASSETCATALOG_COMPILER_APPICON_NAME = AppIcon;
				ASSETCATALOG_COMPILER_GLOBAL_ACCENT_COLOR_NAME = AccentColor;
				CODE_SIGN_STYLE = Automatic;
				CURRENT_PROJECT_VERSION = 1;
				DEVELOPMENT_ASSET_PATHS = "\"ME/Preview Content\"";
				ENABLE_PREVIEWS = YES;
				GENERATE_INFOPLIST_FILE = YES;
				INFOPLIST_KEY_UIApplicationSceneManifest_Generation = YES;
				INFOPLIST_KEY_UIApplicationSupportsIndirectInputEvents = YES;
				INFOPLIST_KEY_UILaunchScreen_Generation = YES;
				INFOPLIST_KEY_UISupportedInterfaceOrientations_iPad = "UIInterfaceOrientationPortrait UIInterfaceOrientationPortraitUpsideDown UIInterfaceOrientationLandscapeLeft UIInterfaceOrientationLandscapeRight";
				INFOPLIST_KEY_UISupportedInterfaceOrientations_iPhone = "UIInterfaceOrientationPortrait UIInterfaceOrientationLandscapeLeft UIInterfaceOrientationLandscapeRight";
				LD_RUNPATH_SEARCH_PATHS = (
					"$(inherited)",
					"@executable_path/Frameworks",
				);
				MARKETING_VERSION = 1.0;
				PRODUCT_BUNDLE_IDENTIFIER = "com.example.apple-samplecode.ME";
				PRODUCT_NAME = "$(TARGET_NAME)";
				SWIFT_EMIT_LOC_STRINGS = YES;
				SWIFT_VERSION = 5.0;
				TARGETED_DEVICE_FAMILY = "1,2";
			};
			name = Release;
		};
/* End XCBuildConfiguration section */

/* Begin XCConfigurationList section */
		433BD58B2AA96AD50039E431 /* Build configuration list for PBXProject "ME" */ = {
			isa = XCConfigurationList;
			buildConfigurations = (
				433BD59C2AA96AD60039E431 /* Debug */,
				433BD59D2AA96AD60039E431 /* Release */,
			);
			defaultConfigurationIsVisible = 0;
			defaultConfigurationName = Release;
		};
		433BD59E2AA96AD60039E431 /* Build configuration list for PBXNativeTarget "ME" */ = {
			isa = XCConfigurationList;
			buildConfigurations = (
				433BD59F2AA96AD60039E431 /* Debug */,
				433BD5A02AA96AD60039E431 /* Release */,
			);
			defaultConfigurationIsVisible = 0;
			defaultConfigurationName = Release;
		};
/* End XCConfigurationList section */
	};
	rootObject = 433BD5882AA96AD50039E431 /* Project object */;
}
